// !$*UTF8*$!
{
	archiveVersion = 1;
	classes = {
	};
	objectVersion = 46;
	objects = {

/* Begin PBXBuildFile section */
		A962D4D51EE83B17005E6131 /* main.m in Sources */ = {isa = PBXBuildFile; fileRef = A962D4D41EE83B17005E6131 /* main.m */; };
		A962D4D81EE83B17005E6131 /* AppDelegate.m in Sources */ = {isa = PBXBuildFile; fileRef = A962D4D71EE83B17005E6131 /* AppDelegate.m */; };
		A962D4DB1EE83B17005E6131 /* ViewController.m in Sources */ = {isa = PBXBuildFile; fileRef = A962D4DA1EE83B17005E6131 /* ViewController.m */; };
		A962D4DE1EE83B17005E6131 /* Main.storyboard in Resources */ = {isa = PBXBuildFile; fileRef = A962D4DC1EE83B17005E6131 /* Main.storyboard */; };
		A962D4E01EE83B17005E6131 /* Assets.xcassets in Resources */ = {isa = PBXBuildFile; fileRef = A962D4DF1EE83B17005E6131 /* Assets.xcassets */; };
		A962D4E31EE83B17005E6131 /* LaunchScreen.storyboard in Resources */ = {isa = PBXBuildFile; fileRef = A962D4E11EE83B17005E6131 /* LaunchScreen.storyboard */; };
		A962D4EE1EE83B17005E6131 /* NeoclesTests.m in Sources */ = {isa = PBXBuildFile; fileRef = A962D4ED1EE83B17005E6131 /* NeoclesTests.m */; };
		A962D4F91EE83B17005E6131 /* NeoclesUITests.m in Sources */ = {isa = PBXBuildFile; fileRef = A962D4F81EE83B17005E6131 /* NeoclesUITests.m */; };
/* End PBXBuildFile section */

/* Begin PBXContainerItemProxy section */
		A962D4EA1EE83B17005E6131 /* PBXContainerItemProxy */ = {
			isa = PBXContainerItemProxy;
			containerPortal = A962D4C81EE83B17005E6131 /* Project object */;
			proxyType = 1;
			remoteGlobalIDString = A962D4CF1EE83B17005E6131;
			remoteInfo = Neocles;
		};
		A962D4F51EE83B17005E6131 /* PBXContainerItemProxy */ = {
			isa = PBXContainerItemProxy;
			containerPortal = A962D4C81EE83B17005E6131 /* Project object */;
			proxyType = 1;
			remoteGlobalIDString = A962D4CF1EE83B17005E6131;
			remoteInfo = Neocles;
		};
/* End PBXContainerItemProxy section */

/* Begin PBXFileReference section */
		A962D4D01EE83B17005E6131 /* Neocles.app */ = {isa = PBXFileReference; explicitFileType = wrapper.application; includeInIndex = 0; path = Neocles.app; sourceTree = BUILT_PRODUCTS_DIR; };
		A962D4D41EE83B17005E6131 /* main.m */ = {isa = PBXFileReference; lastKnownFileType = sourcecode.c.objc; path = main.m; sourceTree = "<group>"; };
		A962D4D61EE83B17005E6131 /* AppDelegate.h */ = {isa = PBXFileReference; lastKnownFileType = sourcecode.c.h; path = AppDelegate.h; sourceTree = "<group>"; };
		A962D4D71EE83B17005E6131 /* AppDelegate.m */ = {isa = PBXFileReference; lastKnownFileType = sourcecode.c.objc; path = AppDelegate.m; sourceTree = "<group>"; };
		A962D4D91EE83B17005E6131 /* ViewController.h */ = {isa = PBXFileReference; lastKnownFileType = sourcecode.c.h; path = ViewController.h; sourceTree = "<group>"; };
		A962D4DA1EE83B17005E6131 /* ViewController.m */ = {isa = PBXFileReference; lastKnownFileType = sourcecode.c.objc; path = ViewController.m; sourceTree = "<group>"; };
		A962D4DD1EE83B17005E6131 /* Base */ = {isa = PBXFileReference; lastKnownFileType = file.storyboard; name = Base; path = Base.lproj/Main.storyboard; sourceTree = "<group>"; };
		A962D4DF1EE83B17005E6131 /* Assets.xcassets */ = {isa = PBXFileReference; lastKnownFileType = folder.assetcatalog; path = Assets.xcassets; sourceTree = "<group>"; };
		A962D4E21EE83B17005E6131 /* Base */ = {isa = PBXFileReference; lastKnownFileType = file.storyboard; name = Base; path = Base.lproj/LaunchScreen.storyboard; sourceTree = "<group>"; };
		A962D4E41EE83B17005E6131 /* Info.plist */ = {isa = PBXFileReference; lastKnownFileType = text.plist.xml; path = Info.plist; sourceTree = "<group>"; };
		A962D4E91EE83B17005E6131 /* NeoclesTests.xctest */ = {isa = PBXFileReference; explicitFileType = wrapper.cfbundle; includeInIndex = 0; path = NeoclesTests.xctest; sourceTree = BUILT_PRODUCTS_DIR; };
		A962D4ED1EE83B17005E6131 /* NeoclesTests.m */ = {isa = PBXFileReference; lastKnownFileType = sourcecode.c.objc; path = NeoclesTests.m; sourceTree = "<group>"; };
		A962D4EF1EE83B17005E6131 /* Info.plist */ = {isa = PBXFileReference; lastKnownFileType = text.plist.xml; path = Info.plist; sourceTree = "<group>"; };
		A962D4F41EE83B17005E6131 /* NeoclesUITests.xctest */ = {isa = PBXFileReference; explicitFileType = wrapper.cfbundle; includeInIndex = 0; path = NeoclesUITests.xctest; sourceTree = BUILT_PRODUCTS_DIR; };
		A962D4F81EE83B17005E6131 /* NeoclesUITests.m */ = {isa = PBXFileReference; lastKnownFileType = sourcecode.c.objc; path = NeoclesUITests.m; sourceTree = "<group>"; };
		A962D4FA1EE83B17005E6131 /* Info.plist */ = {isa = PBXFileReference; lastKnownFileType = text.plist.xml; path = Info.plist; sourceTree = "<group>"; };
/* End PBXFileReference section */

/* Begin PBXFrameworksBuildPhase section */
		A962D4CD1EE83B17005E6131 /* Frameworks */ = {
			isa = PBXFrameworksBuildPhase;
			buildActionMask = 2147483647;
			files = (
			);
			runOnlyForDeploymentPostprocessing = 0;
		};
		A962D4E61EE83B17005E6131 /* Frameworks */ = {
			isa = PBXFrameworksBuildPhase;
			buildActionMask = 2147483647;
			files = (
			);
			runOnlyForDeploymentPostprocessing = 0;
		};
		A962D4F11EE83B17005E6131 /* Frameworks */ = {
			isa = PBXFrameworksBuildPhase;
			buildActionMask = 2147483647;
			files = (
			);
			runOnlyForDeploymentPostprocessing = 0;
		};
/* End PBXFrameworksBuildPhase section */

/* Begin PBXGroup section */
		A962D4C71EE83B17005E6131 = {
			isa = PBXGroup;
			children = (
				A962D4D21EE83B17005E6131 /* Neocles */,
				A962D4EC1EE83B17005E6131 /* NeoclesTests */,
				A962D4F71EE83B17005E6131 /* NeoclesUITests */,
				A962D4D11EE83B17005E6131 /* Products */,
			);
			sourceTree = "<group>";
		};
		A962D4D11EE83B17005E6131 /* Products */ = {
			isa = PBXGroup;
			children = (
				A962D4D01EE83B17005E6131 /* Neocles.app */,
				A962D4E91EE83B17005E6131 /* NeoclesTests.xctest */,
				A962D4F41EE83B17005E6131 /* NeoclesUITests.xctest */,
			);
			name = Products;
			sourceTree = "<group>";
		};
		A962D4D21EE83B17005E6131 /* Neocles */ = {
			isa = PBXGroup;
			children = (
				A962D4D61EE83B17005E6131 /* AppDelegate.h */,
				A962D4D71EE83B17005E6131 /* AppDelegate.m */,
				A962D4D91EE83B17005E6131 /* ViewController.h */,
				A962D4DA1EE83B17005E6131 /* ViewController.m */,
				A962D4DC1EE83B17005E6131 /* Main.storyboard */,
				A962D4DF1EE83B17005E6131 /* Assets.xcassets */,
				A962D4E11EE83B17005E6131 /* LaunchScreen.storyboard */,
				A962D4E41EE83B17005E6131 /* Info.plist */,
				A962D4D31EE83B17005E6131 /* Supporting Files */,
			);
			path = Neocles;
			sourceTree = "<group>";
		};
		A962D4D31EE83B17005E6131 /* Supporting Files */ = {
			isa = PBXGroup;
			children = (
				A962D4D41EE83B17005E6131 /* main.m */,
			);
			name = "Supporting Files";
			sourceTree = "<group>";
		};
		A962D4EC1EE83B17005E6131 /* NeoclesTests */ = {
			isa = PBXGroup;
			children = (
				A962D4ED1EE83B17005E6131 /* NeoclesTests.m */,
				A962D4EF1EE83B17005E6131 /* Info.plist */,
			);
			path = NeoclesTests;
			sourceTree = "<group>";
		};
		A962D4F71EE83B17005E6131 /* NeoclesUITests */ = {
			isa = PBXGroup;
			children = (
				A962D4F81EE83B17005E6131 /* NeoclesUITests.m */,
				A962D4FA1EE83B17005E6131 /* Info.plist */,
			);
			path = NeoclesUITests;
			sourceTree = "<group>";
		};
/* End PBXGroup section */

/* Begin PBXNativeTarget section */
		A962D4CF1EE83B17005E6131 /* Neocles */ = {
			isa = PBXNativeTarget;
			buildConfigurationList = A962D4FD1EE83B17005E6131 /* Build configuration list for PBXNativeTarget "Neocles" */;
			buildPhases = (
				A962D4CC1EE83B17005E6131 /* Sources */,
				A962D4CD1EE83B17005E6131 /* Frameworks */,
				A962D4CE1EE83B17005E6131 /* Resources */,
			);
			buildRules = (
			);
			dependencies = (
			);
			name = Neocles;
			productName = Neocles;
			productReference = A962D4D01EE83B17005E6131 /* Neocles.app */;
			productType = "com.apple.product-type.application";
		};
		A962D4E81EE83B17005E6131 /* NeoclesTests */ = {
			isa = PBXNativeTarget;
			buildConfigurationList = A962D5001EE83B17005E6131 /* Build configuration list for PBXNativeTarget "NeoclesTests" */;
			buildPhases = (
				A962D4E51EE83B17005E6131 /* Sources */,
				A962D4E61EE83B17005E6131 /* Frameworks */,
				A962D4E71EE83B17005E6131 /* Resources */,
			);
			buildRules = (
			);
			dependencies = (
				A962D4EB1EE83B17005E6131 /* PBXTargetDependency */,
			);
			name = NeoclesTests;
			productName = NeoclesTests;
			productReference = A962D4E91EE83B17005E6131 /* NeoclesTests.xctest */;
			productType = "com.apple.product-type.bundle.unit-test";
		};
		A962D4F31EE83B17005E6131 /* NeoclesUITests */ = {
			isa = PBXNativeTarget;
			buildConfigurationList = A962D5031EE83B17005E6131 /* Build configuration list for PBXNativeTarget "NeoclesUITests" */;
			buildPhases = (
				A962D4F01EE83B17005E6131 /* Sources */,
				A962D4F11EE83B17005E6131 /* Frameworks */,
				A962D4F21EE83B17005E6131 /* Resources */,
			);
			buildRules = (
			);
			dependencies = (
				A962D4F61EE83B17005E6131 /* PBXTargetDependency */,
			);
			name = NeoclesUITests;
			productName = NeoclesUITests;
			productReference = A962D4F41EE83B17005E6131 /* NeoclesUITests.xctest */;
			productType = "com.apple.product-type.bundle.ui-testing";
		};
/* End PBXNativeTarget section */

/* Begin PBXProject section */
		A962D4C81EE83B17005E6131 /* Project object */ = {
			isa = PBXProject;
			attributes = {
				LastUpgradeCheck = 0830;
				ORGANIZATIONNAME = "Jeroen Dunselman";
				TargetAttributes = {
					A962D4CF1EE83B17005E6131 = {
						CreatedOnToolsVersion = 8.3.3;
						DevelopmentTeam = 447M47227T;
						ProvisioningStyle = Automatic;
					};
					A962D4E81EE83B17005E6131 = {
						CreatedOnToolsVersion = 8.3.3;
						DevelopmentTeam = 447M47227T;
						ProvisioningStyle = Automatic;
						TestTargetID = A962D4CF1EE83B17005E6131;
					};
					A962D4F31EE83B17005E6131 = {
						CreatedOnToolsVersion = 8.3.3;
						DevelopmentTeam = 447M47227T;
						ProvisioningStyle = Automatic;
						TestTargetID = A962D4CF1EE83B17005E6131;
					};
				};
			};
			buildConfigurationList = A962D4CB1EE83B17005E6131 /* Build configuration list for PBXProject "Neocles" */;
			compatibilityVersion = "Xcode 3.2";
			developmentRegion = English;
			hasScannedForEncodings = 0;
			knownRegions = (
				en,
				Base,
			);
			mainGroup = A962D4C71EE83B17005E6131;
			productRefGroup = A962D4D11EE83B17005E6131 /* Products */;
			projectDirPath = "";
			projectRoot = "";
			targets = (
				A962D4CF1EE83B17005E6131 /* Neocles */,
				A962D4E81EE83B17005E6131 /* NeoclesTests */,
				A962D4F31EE83B17005E6131 /* NeoclesUITests */,
			);
		};
/* End PBXProject section */

/* Begin PBXResourcesBuildPhase section */
		A962D4CE1EE83B17005E6131 /* Resources */ = {
			isa = PBXResourcesBuildPhase;
			buildActionMask = 2147483647;
			files = (
				A962D4E31EE83B17005E6131 /* LaunchScreen.storyboard in Resources */,
				A962D4E01EE83B17005E6131 /* Assets.xcassets in Resources */,
				A962D4DE1EE83B17005E6131 /* Main.storyboard in Resources */,
			);
			runOnlyForDeploymentPostprocessing = 0;
		};
		A962D4E71EE83B17005E6131 /* Resources */ = {
			isa = PBXResourcesBuildPhase;
			buildActionMask = 2147483647;
			files = (
			);
			runOnlyForDeploymentPostprocessing = 0;
		};
		A962D4F21EE83B17005E6131 /* Resources */ = {
			isa = PBXResourcesBuildPhase;
			buildActionMask = 2147483647;
			files = (
			);
			runOnlyForDeploymentPostprocessing = 0;
		};
/* End PBXResourcesBuildPhase section */

/* Begin PBXSourcesBuildPhase section */
		A962D4CC1EE83B17005E6131 /* Sources */ = {
			isa = PBXSourcesBuildPhase;
			buildActionMask = 2147483647;
			files = (
				A962D4DB1EE83B17005E6131 /* ViewController.m in Sources */,
				A962D4D81EE83B17005E6131 /* AppDelegate.m in Sources */,
				A962D4D51EE83B17005E6131 /* main.m in Sources */,
			);
			runOnlyForDeploymentPostprocessing = 0;
		};
		A962D4E51EE83B17005E6131 /* Sources */ = {
			isa = PBXSourcesBuildPhase;
			buildActionMask = 2147483647;
			files = (
				A962D4EE1EE83B17005E6131 /* NeoclesTests.m in Sources */,
			);
			runOnlyForDeploymentPostprocessing = 0;
		};
		A962D4F01EE83B17005E6131 /* Sources */ = {
			isa = PBXSourcesBuildPhase;
			buildActionMask = 2147483647;
			files = (
				A962D4F91EE83B17005E6131 /* NeoclesUITests.m in Sources */,
			);
			runOnlyForDeploymentPostprocessing = 0;
		};
/* End PBXSourcesBuildPhase section */

/* Begin PBXTargetDependency section */
		A962D4EB1EE83B17005E6131 /* PBXTargetDependency */ = {
			isa = PBXTargetDependency;
			target = A962D4CF1EE83B17005E6131 /* Neocles */;
			targetProxy = A962D4EA1EE83B17005E6131 /* PBXContainerItemProxy */;
		};
		A962D4F61EE83B17005E6131 /* PBXTargetDependency */ = {
			isa = PBXTargetDependency;
			target = A962D4CF1EE83B17005E6131 /* Neocles */;
			targetProxy = A962D4F51EE83B17005E6131 /* PBXContainerItemProxy */;
		};
/* End PBXTargetDependency section */

/* Begin PBXVariantGroup section */
		A962D4DC1EE83B17005E6131 /* Main.storyboard */ = {
			isa = PBXVariantGroup;
			children = (
				A962D4DD1EE83B17005E6131 /* Base */,
			);
			name = Main.storyboard;
			sourceTree = "<group>";
		};
		A962D4E11EE83B17005E6131 /* LaunchScreen.storyboard */ = {
			isa = PBXVariantGroup;
			children = (
				A962D4E21EE83B17005E6131 /* Base */,
			);
			name = LaunchScreen.storyboard;
			sourceTree = "<group>";
		};
/* End PBXVariantGroup section */

/* Begin XCBuildConfiguration section */
		A962D4FB1EE83B17005E6131 /* Debug */ = {
			isa = XCBuildConfiguration;
			buildSettings = {
				ALWAYS_SEARCH_USER_PATHS = NO;
				CLANG_ANALYZER_NONNULL = YES;
				CLANG_ANALYZER_NUMBER_OBJECT_CONVERSION = YES_AGGRESSIVE;
				CLANG_CXX_LANGUAGE_STANDARD = "gnu++0x";
				CLANG_CXX_LIBRARY = "libc++";
				CLANG_ENABLE_MODULES = YES;
				CLANG_ENABLE_OBJC_ARC = YES;
				CLANG_WARN_BOOL_CONVERSION = YES;
				CLANG_WARN_CONSTANT_CONVERSION = YES;
				CLANG_WARN_DIRECT_OBJC_ISA_USAGE = YES_ERROR;
				CLANG_WARN_DOCUMENTATION_COMMENTS = YES;
				CLANG_WARN_EMPTY_BODY = YES;
				CLANG_WARN_ENUM_CONVERSION = YES;
				CLANG_WARN_INFINITE_RECURSION = YES;
				CLANG_WARN_INT_CONVERSION = YES;
				CLANG_WARN_OBJC_ROOT_CLASS = YES_ERROR;
				CLANG_WARN_SUSPICIOUS_MOVE = YES;
				CLANG_WARN_UNREACHABLE_CODE = YES;
				CLANG_WARN__DUPLICATE_METHOD_MATCH = YES;
				"CODE_SIGN_IDENTITY[sdk=iphoneos*]" = "iPhone Developer";
				COPY_PHASE_STRIP = NO;
				DEBUG_INFORMATION_FORMAT = dwarf;
				ENABLE_STRICT_OBJC_MSGSEND = YES;
				ENABLE_TESTABILITY = YES;
				GCC_C_LANGUAGE_STANDARD = gnu99;
				GCC_DYNAMIC_NO_PIC = NO;
				GCC_NO_COMMON_BLOCKS = YES;
				GCC_OPTIMIZATION_LEVEL = 0;
				GCC_PREPROCESSOR_DEFINITIONS = (
					"DEBUG=1",
					"$(inherited)",
				);
				GCC_WARN_64_TO_32_BIT_CONVERSION = YES;
				GCC_WARN_ABOUT_RETURN_TYPE = YES_ERROR;
				GCC_WARN_UNDECLARED_SELECTOR = YES;
				GCC_WARN_UNINITIALIZED_AUTOS = YES_AGGRESSIVE;
				GCC_WARN_UNUSED_FUNCTION = YES;
				GCC_WARN_UNUSED_VARIABLE = YES;
				IPHONEOS_DEPLOYMENT_TARGET = 10.3;
				MTL_ENABLE_DEBUG_INFO = YES;
				ONLY_ACTIVE_ARCH = YES;
				SDKROOT = iphoneos;
			};
			name = Debug;
		};
		A962D4FC1EE83B17005E6131 /* Release */ = {
			isa = XCBuildConfiguration;
			buildSettings = {
				ALWAYS_SEARCH_USER_PATHS = NO;
				CLANG_ANALYZER_NONNULL = YES;
				CLANG_ANALYZER_NUMBER_OBJECT_CONVERSION = YES_AGGRESSIVE;
				CLANG_CXX_LANGUAGE_STANDARD = "gnu++0x";
				CLANG_CXX_LIBRARY = "libc++";
				CLANG_ENABLE_MODULES = YES;
				CLANG_ENABLE_OBJC_ARC = YES;
				CLANG_WARN_BOOL_CONVERSION = YES;
				CLANG_WARN_CONSTANT_CONVERSION = YES;
				CLANG_WARN_DIRECT_OBJC_ISA_USAGE = YES_ERROR;
				CLANG_WARN_DOCUMENTATION_COMMENTS = YES;
				CLANG_WARN_EMPTY_BODY = YES;
				CLANG_WARN_ENUM_CONVERSION = YES;
				CLANG_WARN_INFINITE_RECURSION = YES;
				CLANG_WARN_INT_CONVERSION = YES;
				CLANG_WARN_OBJC_ROOT_CLASS = YES_ERROR;
				CLANG_WARN_SUSPICIOUS_MOVE = YES;
				CLANG_WARN_UNREACHABLE_CODE = YES;
				CLANG_WARN__DUPLICATE_METHOD_MATCH = YES;
				"CODE_SIGN_IDENTITY[sdk=iphoneos*]" = "iPhone Developer";
				COPY_PHASE_STRIP = NO;
				DEBUG_INFORMATION_FORMAT = "dwarf-with-dsym";
				ENABLE_NS_ASSERTIONS = NO;
				ENABLE_STRICT_OBJC_MSGSEND = YES;
				GCC_C_LANGUAGE_STANDARD = gnu99;
				GCC_NO_COMMON_BLOCKS = YES;
				GCC_WARN_64_TO_32_BIT_CONVERSION = YES;
				GCC_WARN_ABOUT_RETURN_TYPE = YES_ERROR;
				GCC_WARN_UNDECLARED_SELECTOR = YES;
				GCC_WARN_UNINITIALIZED_AUTOS = YES_AGGRESSIVE;
				GCC_WARN_UNUSED_FUNCTION = YES;
				GCC_WARN_UNUSED_VARIABLE = YES;
				IPHONEOS_DEPLOYMENT_TARGET = 10.3;
				MTL_ENABLE_DEBUG_INFO = NO;
				SDKROOT = iphoneos;
				VALIDATE_PRODUCT = YES;
			};
			name = Release;
		};
		A962D4FE1EE83B17005E6131 /* Debug */ = {
			isa = XCBuildConfiguration;
			buildSettings = {
				ASSETCATALOG_COMPILER_APPICON_NAME = AppIcon;
				DEVELOPMENT_TEAM = 447M47227T;
				INFOPLIST_FILE = Neocles/Info.plist;
				LD_RUNPATH_SEARCH_PATHS = "$(inherited) @executable_path/Frameworks";
				PRODUCT_BUNDLE_IDENTIFIER = com.onomatopee.Neocles;
				PRODUCT_NAME = "$(TARGET_NAME)";
			};
			name = Debug;
		};
		A962D4FF1EE83B17005E6131 /* Release */ = {
			isa = XCBuildConfiguration;
			buildSettings = {
				ASSETCATALOG_COMPILER_APPICON_NAME = AppIcon;
				DEVELOPMENT_TEAM = 447M47227T;
				INFOPLIST_FILE = Neocles/Info.plist;
				LD_RUNPATH_SEARCH_PATHS = "$(inherited) @executable_path/Frameworks";
				PRODUCT_BUNDLE_IDENTIFIER = com.onomatopee.Neocles;
				PRODUCT_NAME = "$(TARGET_NAME)";
			};
			name = Release;
		};
		A962D5011EE83B17005E6131 /* Debug */ = {
			isa = XCBuildConfiguration;
			buildSettings = {
				BUNDLE_LOADER = "$(TEST_HOST)";
				DEVELOPMENT_TEAM = 447M47227T;
				INFOPLIST_FILE = NeoclesTests/Info.plist;
				LD_RUNPATH_SEARCH_PATHS = "$(inherited) @executable_path/Frameworks @loader_path/Frameworks";
				PRODUCT_BUNDLE_IDENTIFIER = com.onomatopee.NeoclesTests;
				PRODUCT_NAME = "$(TARGET_NAME)";
				TEST_HOST = "$(BUILT_PRODUCTS_DIR)/Neocles.app/Neocles";
			};
			name = Debug;
		};
		A962D5021EE83B17005E6131 /* Release */ = {
			isa = XCBuildConfiguration;
			buildSettings = {
				BUNDLE_LOADER = "$(TEST_HOST)";
				DEVELOPMENT_TEAM = 447M47227T;
				INFOPLIST_FILE = NeoclesTests/Info.plist;
				LD_RUNPATH_SEARCH_PATHS = "$(inherited) @executable_path/Frameworks @loader_path/Frameworks";
				PRODUCT_BUNDLE_IDENTIFIER = com.onomatopee.NeoclesTests;
				PRODUCT_NAME = "$(TARGET_NAME)";
				TEST_HOST = "$(BUILT_PRODUCTS_DIR)/Neocles.app/Neocles";
			};
			name = Release;
		};
		A962D5041EE83B17005E6131 /* Debug */ = {
			isa = XCBuildConfiguration;
			buildSettings = {
				DEVELOPMENT_TEAM = 447M47227T;
				INFOPLIST_FILE = NeoclesUITests/Info.plist;
				LD_RUNPATH_SEARCH_PATHS = "$(inherited) @executable_path/Frameworks @loader_path/Frameworks";
				PRODUCT_BUNDLE_IDENTIFIER = com.onomatopee.NeoclesUITests;
				PRODUCT_NAME = "$(TARGET_NAME)";
				TEST_TARGET_NAME = Neocles;
			};
			name = Debug;
		};
		A962D5051EE83B17005E6131 /* Release */ = {
			isa = XCBuildConfiguration;
			buildSettings = {
				DEVELOPMENT_TEAM = 447M47227T;
				INFOPLIST_FILE = NeoclesUITests/Info.plist;
				LD_RUNPATH_SEARCH_PATHS = "$(inherited) @executable_path/Frameworks @loader_path/Frameworks";
				PRODUCT_BUNDLE_IDENTIFIER = com.onomatopee.NeoclesUITests;
				PRODUCT_NAME = "$(TARGET_NAME)";
				TEST_TARGET_NAME = Neocles;
			};
			name = Release;
		};
/* End XCBuildConfiguration section */

/* Begin XCConfigurationList section */
		A962D4CB1EE83B17005E6131 /* Build configuration list for PBXProject "Neocles" */ = {
			isa = XCConfigurationList;
			buildConfigurations = (
				A962D4FB1EE83B17005E6131 /* Debug */,
				A962D4FC1EE83B17005E6131 /* Release */,
			);
			defaultConfigurationIsVisible = 0;
			defaultConfigurationName = Release;
		};
		A962D4FD1EE83B17005E6131 /* Build configuration list for PBXNativeTarget "Neocles" */ = {
			isa = XCConfigurationList;
			buildConfigurations = (
				A962D4FE1EE83B17005E6131 /* Debug */,
				A962D4FF1EE83B17005E6131 /* Release */,
			);
			defaultConfigurationIsVisible = 0;
		};
		A962D5001EE83B17005E6131 /* Build configuration list for PBXNativeTarget "NeoclesTests" */ = {
			isa = XCConfigurationList;
			buildConfigurations = (
				A962D5011EE83B17005E6131 /* Debug */,
				A962D5021EE83B17005E6131 /* Release */,
			);
			defaultConfigurationIsVisible = 0;
		};
		A962D5031EE83B17005E6131 /* Build configuration list for PBXNativeTarget "NeoclesUITests" */ = {
			isa = XCConfigurationList;
			buildConfigurations = (
				A962D5041EE83B17005E6131 /* Debug */,
				A962D5051EE83B17005E6131 /* Release */,
			);
			defaultConfigurationIsVisible = 0;
		};
/* End XCConfigurationList section */
	};
	rootObject = A962D4C81EE83B17005E6131 /* Project object */;
}
